
Microsoft Visual Studio Solution File, Format Version 12.00
# Visual Studio Version 16
VisualStudioVersion = 25.0.1700.5
MinimumVisualStudioVersion = 10.0.40219.1
Project("{FAE04EC0-301F-11D3-BF4B-00C04F79EFBC}") = "pf-jwt-bearer-dotnet-sample", "pf-jwt-bearer-dotnet-sample\pf-jwt-bearer-dotnet-sample.csproj", "{1D586769-9BF0-4AB4-8035-EF8160894FEE}"
EndProject
Global
	GlobalSection(SolutionConfigurationPlatforms) = preSolution
		Debug|Any CPU = Debug|Any CPU
		Release|Any CPU = Release|Any CPU
	EndGlobalSection
	GlobalSection(ProjectConfigurationPlatforms) = postSolution
		{1D586769-9BF0-4AB4-8035-EF8160894FEE}.Debug|Any CPU.ActiveCfg = Debug|Any CPU
		{1D586769-9BF0-4AB4-8035-EF8160894FEE}.Debug|Any CPU.Build.0 = Debug|Any CPU
		{1D586769-9BF0-4AB4-8035-EF8160894FEE}.Release|Any CPU.ActiveCfg = Release|Any CPU
		{1D586769-9BF0-4AB4-8035-EF8160894FEE}.Release|Any CPU.Build.0 = Release|Any CPU
	EndGlobalSection
	GlobalSection(SolutionProperties) = preSolution
		HideSolutionNode = FALSE
	EndGlobalSection
	GlobalSection(ExtensibilityGlobals) = postSolution
		SolutionGuid = {E3C3F6AE-51DD-4DD5-AA25-C5354242495A}
	EndGlobalSection
EndGlobal
